{
  "name": "wasm",
  "version": "0.0.1",
  "lockfileVersion": 2,
  "requires": true,
  "packages": {
    "": {
      "name": "wasm",
      "version": "0.0.1",
      "license": "ISC",
      "dependencies": {
        "@types/http-server": "^0.12.1",
        "http": "^0.0.1-security",
        "unit-wasm": "file:../rust/unit-wasm/pkg"
      }
    },
    "../rust/unit-wasm/pkg": {
      "name": "unit-wasm",
      "version": "0.1.0"
    },
    "node_modules/@types/connect": {
      "version": "3.4.35",
      "integrity": "sha512-cdeYyv4KWoEgpBISTxWvqYsVy444DOqehiF3fM3ne10AmJ62RSyNkUnxMJXHQWRQQX2eR94m5y1IZyDwBjV9FQ==",
      "dependencies": {
        "@types/node": "*"
      }
    },
    "node_modules/@types/http-server": {
      "version": "0.12.1",
      "integrity": "sha512-OJ8zs0o8JuHo92KCCsLq4BqkHPi1+Aj2yoPQXJ18LPUxOA1lqKfgBLtHNAQTwwPzeBqyo+HDkWD91MkfOGvNJg==",
      "dependencies": {
        "@types/connect": "*"
      }
    },
    "node_modules/@types/node": {
      "version": "16.11.0",
      "integrity": "sha512-8MLkBIYQMuhRBQzGN9875bYsOhPnf/0rgXGo66S2FemHkhbn9qtsz9ywV1iCG+vbjigE4WUNVvw37Dx+L0qsPg=="
    },
    "node_modules/http": {
      "version": "0.0.1-security",
      "integrity": "sha512-RnDvP10Ty9FxqOtPZuxtebw1j4L/WiqNMDtuc1YMH1XQm5TgDRaR1G9u8upL6KD1bXHSp9eSXo/ED+8Q7FAr+g=="
    },
    "node_modules/unit-wasm": {
      "resolved": "../rust/unit-wasm/pkg",
      "link": true
    },
    "pkg": {
      "name": "unit-wasm",
      "version": "0.1.0",
      "extraneous": true
    }
  },
  "dependencies": {
    "@types/connect": {
      "version": "3.4.35",
      "integrity": "sha512-cdeYyv4KWoEgpBISTxWvqYsVy444DOqehiF3fM3ne10AmJ62RSyNkUnxMJXHQWRQQX2eR94m5y1IZyDwBjV9FQ==",
      "requires": {
        "@types/node": "*"
      }
    },
    "@types/http-server": {
      "version": "0.12.1",
      "integrity": "sha512-OJ8zs0o8JuHo92KCCsLq4BqkHPi1+Aj2yoPQXJ18LPUxOA1lqKfgBLtHNAQTwwPzeBqyo+HDkWD91MkfOGvNJg==",
      "requires": {
        "@types/connect": "*"
      }
    },
    "@types/node": {
      "version": "16.11.0",
      "integrity": "sha512-8MLkBIYQMuhRBQzGN9875bYsOhPnf/0rgXGo66S2FemHkhbn9qtsz9ywV1iCG+vbjigE4WUNVvw37Dx+L0qsPg=="
    },
    "http": {
      "version": "0.0.1-security",
      "integrity": "sha512-RnDvP10Ty9FxqOtPZuxtebw1j4L/WiqNMDtuc1YMH1XQm5TgDRaR1G9u8upL6KD1bXHSp9eSXo/ED+8Q7FAr+g=="
    },
    "unit-wasm": {
      "version": "file:../rust/unit-wasm/pkg"
    }
  }
}
